dependencies:
- name: falcon-clusterguard
  repository: file://../falcon-clusterguard
  version: 0.1.0-test.3
- name: falcon-sensor
  repository: file://../falcon-sensor
  version: 1.37.0
- name: falcon-image-analyzer
  repository: file://../falcon-image-analyzer
  version: 1.2.1
digest: sha256:ada0aaff1a5e4626307703acd64ee9773ff89fa9462e3159a4e3a68dfa2fbd76
generated: "2026-09-16T14:22:13.608795-04:00"
