dependencies:
- name: falcon-sensor
  repository: file://../falcon-sensor
  version: 1.37.0
- name: falcon-kac
  repository: file://../falcon-kac
  version: 1.7.0-test
- name: falcon-image-analyzer
  repository: file://../falcon-image-analyzer
  version: 1.2.0
digest: sha256:172a22ad73d2b596c50e277ca22dbda3a6caab422ea1d31870b59d91e8deed37
generated: "2026-08-13T13:09:55.289274-04:00"
