dependencies:
- name: falcon-sensor
  repository: file://../falcon-sensor
  version: 1.38.0-test.1
- name: falcon-kac
  repository: file://../falcon-kac
  version: 1.7.0
- name: falcon-image-analyzer
  repository: file://../falcon-image-analyzer
  version: 1.2.1
digest: sha256:c3cf67ba3d8aa36ffc347be611cc8053fac7b53ba7bca9707daf2725b55ca288
generated: "2026-09-23T11:38:48.565972-04:00"
